
Microsoft Visual Studio Solution File, Format Version 12.00
# Visual Studio Version 16
VisualStudioVersion = 16.0.32510.428
MinimumVisualStudioVersion = 10.0.40219.1
Project("{FAE04EC0-301F-11D3-BF4B-00C04F79EFBC}") = "ESCP_NecromanticThralls", "ESCP_NecromanticThralls\ESCP_NecromanticThralls.csproj", "{34BA53E1-2205-46B6-B9F6-D07952BA65AD}"
EndProject
Global
	GlobalSection(SolutionConfigurationPlatforms) = preSolution
		Debug|Any CPU = Debug|Any CPU
		Release|Any CPU = Release|Any CPU
	EndGlobalSection
	GlobalSection(ProjectConfigurationPlatforms) = postSolution
		{34BA53E1-2205-46B6-B9F6-D07952BA65AD}.Debug|Any CPU.ActiveCfg = Debug|Any CPU
		{34BA53E1-2205-46B6-B9F6-D07952BA65AD}.Debug|Any CPU.Build.0 = Debug|Any CPU
		{34BA53E1-2205-46B6-B9F6-D07952BA65AD}.Release|Any CPU.ActiveCfg = Release|Any CPU
		{34BA53E1-2205-46B6-B9F6-D07952BA65AD}.Release|Any CPU.Build.0 = Release|Any CPU
	EndGlobalSection
	GlobalSection(SolutionProperties) = preSolution
		HideSolutionNode = FALSE
	EndGlobalSection
	GlobalSection(ExtensibilityGlobals) = postSolution
		SolutionGuid = {ABA81E5D-51FE-46AF-AAB6-5730C6B37E00}
	EndGlobalSection
EndGlobal
